
Microsoft Visual Studio Solution File, Format Version 12.00
# Visual Studio Version 17
VisualStudioVersion = 17.5.002.0
MinimumVisualStudioVersion = 10.0.40219.1
Project("{9A19103F-16F7-4668-BE54-9A1E7A4F7556}") = "atividade2-poo", "atividade2-poo.csproj", "{92DCB315-A6C2-411D-B605-EF16D51A3904}"
EndProject
Global
	GlobalSection(SolutionConfigurationPlatforms) = preSolution
		Debug|Any CPU = Debug|Any CPU
		Release|Any CPU = Release|Any CPU
	EndGlobalSection
	GlobalSection(ProjectConfigurationPlatforms) = postSolution
		{92DCB315-A6C2-411D-B605-EF16D51A3904}.Debug|Any CPU.ActiveCfg = Debug|Any CPU
		{92DCB315-A6C2-411D-B605-EF16D51A3904}.Debug|Any CPU.Build.0 = Debug|Any CPU
		{92DCB315-A6C2-411D-B605-EF16D51A3904}.Release|Any CPU.ActiveCfg = Release|Any CPU
		{92DCB315-A6C2-411D-B605-EF16D51A3904}.Release|Any CPU.Build.0 = Release|Any CPU
	EndGlobalSection
	GlobalSection(SolutionProperties) = preSolution
		HideSolutionNode = FALSE
	EndGlobalSection
	GlobalSection(ExtensibilityGlobals) = postSolution
		SolutionGuid = {AD2E06C8-A8E9-4430-B66E-F2725B0E125B}
	EndGlobalSection
EndGlobal
