
Microsoft Visual Studio Solution File, Format Version 12.00
# Visual Studio Version 17
VisualStudioVersion = 17.5.002.0
MinimumVisualStudioVersion = 10.0.40219.1
Project("{9A19103F-16F7-4668-BE54-9A1E7A4F7556}") = "atividade1-pool", "atividade1-pool.csproj", "{2080CD4C-23A2-47AA-8C57-C4C2883D6450}"
EndProject
Global
	GlobalSection(SolutionConfigurationPlatforms) = preSolution
		Debug|Any CPU = Debug|Any CPU
		Release|Any CPU = Release|Any CPU
	EndGlobalSection
	GlobalSection(ProjectConfigurationPlatforms) = postSolution
		{2080CD4C-23A2-47AA-8C57-C4C2883D6450}.Debug|Any CPU.ActiveCfg = Debug|Any CPU
		{2080CD4C-23A2-47AA-8C57-C4C2883D6450}.Debug|Any CPU.Build.0 = Debug|Any CPU
		{2080CD4C-23A2-47AA-8C57-C4C2883D6450}.Release|Any CPU.ActiveCfg = Release|Any CPU
		{2080CD4C-23A2-47AA-8C57-C4C2883D6450}.Release|Any CPU.Build.0 = Release|Any CPU
	EndGlobalSection
	GlobalSection(SolutionProperties) = preSolution
		HideSolutionNode = FALSE
	EndGlobalSection
	GlobalSection(ExtensibilityGlobals) = postSolution
		SolutionGuid = {5128ADB3-7B58-4816-8B21-A5873E843DF6}
	EndGlobalSection
EndGlobal
